
Microsoft Visual Studio Solution File, Format Version 12.00
# Visual Studio 15
VisualStudioVersion = 15.0.28307.1022
MinimumVisualStudioVersion = 10.0.40219.1
Project("{FAE04EC0-301F-11D3-BF4B-00C04F79EFBC}") = "Ativ 2.1 BD", "Ativ 2.1 BD\Ativ 2.1 BD.csproj", "{ACDDBAC0-CC53-4566-A584-ABBD2AD9843F}"
EndProject
Global
	GlobalSection(SolutionConfigurationPlatforms) = preSolution
		Debug|Any CPU = Debug|Any CPU
		Release|Any CPU = Release|Any CPU
	EndGlobalSection
	GlobalSection(ProjectConfigurationPlatforms) = postSolution
		{ACDDBAC0-CC53-4566-A584-ABBD2AD9843F}.Debug|Any CPU.ActiveCfg = Debug|Any CPU
		{ACDDBAC0-CC53-4566-A584-ABBD2AD9843F}.Debug|Any CPU.Build.0 = Debug|Any CPU
		{ACDDBAC0-CC53-4566-A584-ABBD2AD9843F}.Release|Any CPU.ActiveCfg = Release|Any CPU
		{ACDDBAC0-CC53-4566-A584-ABBD2AD9843F}.Release|Any CPU.Build.0 = Release|Any CPU
	EndGlobalSection
	GlobalSection(SolutionProperties) = preSolution
		HideSolutionNode = FALSE
	EndGlobalSection
	GlobalSection(ExtensibilityGlobals) = postSolution
		SolutionGuid = {265EAB67-A0D9-428D-AAB5-334A9E8E7B8A}
	EndGlobalSection
EndGlobal
